%{
  "combination": {:hex, :combination, "0.0.3", "746aedca63d833293ec6e835aa1f34974868829b1486b1e1cb0685f0b2ae1f41", [:mix], [], "hexpm"},
  "eastar": {:git, "https://github.com/wkhere/eastar.git", "b309f4fce41218d821f4cf4af9df39f5f1a36cc0", []},
  "libgraph": {:hex, :libgraph, "0.13.3", "20732b7bafb933dcf7351c479e03076ebd14a85fd3202c67a1c197f4f7c2466b", [:mix], [], "hexpm"},
  "memoize": {:hex, :memoize, "1.3.0", "c82eaf40cd2afd0cc050ee0d7e6b298aa2a0d5faa8680b48147deecb4b94300d", [:mix], [], "hexpm"},
  "nimble_parsec": {:hex, :nimble_parsec, "0.5.2", "1d71150d5293d703a9c38d4329da57d3935faed2031d64bc19e77b654ef2d177", [:mix], [], "hexpm"},
}
